// !$*UTF8*$!
{
	archiveVersion = 1;
	classes = {
	};
	objectVersion = 56;
	objects = {

/* Begin PBXBuildFile section */
		06314AB22925AD0900FC1F14 /* CharacterListPresenter.swift in Sources */ = {isa = PBXBuildFile; fileRef = 06314AB12925AD0900FC1F14 /* CharacterListPresenter.swift */; };
		06314AB42925AD4600FC1F14 /* CharacterListCoordinator.swift in Sources */ = {isa = PBXBuildFile; fileRef = 06314AB32925AD4600FC1F14 /* CharacterListCoordinator.swift */; };
		06314AB62925B5DA00FC1F14 /* Character.swift in Sources */ = {isa = PBXBuildFile; fileRef = 06314AB52925B5DA00FC1F14 /* Character.swift */; };
		06314ABA2925C0F700FC1F14 /* CharacterListCell.swift in Sources */ = {isa = PBXBuildFile; fileRef = 06314AB92925C0F700FC1F14 /* CharacterListCell.swift */; };
		06314ABE2925C15400FC1F14 /* CharacterCellItem.swift in Sources */ = {isa = PBXBuildFile; fileRef = 06314ABD2925C15400FC1F14 /* CharacterCellItem.swift */; };
		06314AC42925C36600FC1F14 /* CharacterListCell.xib in Resources */ = {isa = PBXBuildFile; fileRef = 06314AC32925C36600FC1F14 /* CharacterListCell.xib */; };
		06314AC72925D03E00FC1F14 /* APIClient.swift in Sources */ = {isa = PBXBuildFile; fileRef = 06314AC62925D03E00FC1F14 /* APIClient.swift */; };
		06314AC92925D04800FC1F14 /* ImageLoader.swift in Sources */ = {isa = PBXBuildFile; fileRef = 06314AC82925D04800FC1F14 /* ImageLoader.swift */; };
		067B5F542925A7E5008507A7 /* AppDelegate.swift in Sources */ = {isa = PBXBuildFile; fileRef = 067B5F532925A7E5008507A7 /* AppDelegate.swift */; };
		067B5F562925A7E5008507A7 /* SceneDelegate.swift in Sources */ = {isa = PBXBuildFile; fileRef = 067B5F552925A7E5008507A7 /* SceneDelegate.swift */; };
		067B5F582925A7E5008507A7 /* CharacterListViewController.swift in Sources */ = {isa = PBXBuildFile; fileRef = 067B5F572925A7E5008507A7 /* CharacterListViewController.swift */; };
		067B5F5B2925A7E5008507A7 /* Main.storyboard in Resources */ = {isa = PBXBuildFile; fileRef = 067B5F592925A7E5008507A7 /* Main.storyboard */; };
		067B5F5D2925A7E6008507A7 /* Assets.xcassets in Resources */ = {isa = PBXBuildFile; fileRef = 067B5F5C2925A7E6008507A7 /* Assets.xcassets */; };
		067B5F602925A7E6008507A7 /* LaunchScreen.storyboard in Resources */ = {isa = PBXBuildFile; fileRef = 067B5F5E2925A7E6008507A7 /* LaunchScreen.storyboard */; };
		067B5F6B2925A7E7008507A7 /* RickAndMortyAppTests.swift in Sources */ = {isa = PBXBuildFile; fileRef = 067B5F6A2925A7E7008507A7 /* RickAndMortyAppTests.swift */; };
		067B5F752925A7E7008507A7 /* RickAndMortyAppUITests.swift in Sources */ = {isa = PBXBuildFile; fileRef = 067B5F742925A7E7008507A7 /* RickAndMortyAppUITests.swift */; };
		067B5F772925A7E7008507A7 /* RickAndMortyAppUITestsLaunchTests.swift in Sources */ = {isa = PBXBuildFile; fileRef = 067B5F762925A7E7008507A7 /* RickAndMortyAppUITestsLaunchTests.swift */; };
/* End PBXBuildFile section */

/* Begin PBXContainerItemProxy section */
		067B5F672925A7E7008507A7 /* PBXContainerItemProxy */ = {
			isa = PBXContainerItemProxy;
			containerPortal = 067B5F482925A7E5008507A7 /* Project object */;
			proxyType = 1;
			remoteGlobalIDString = 067B5F4F2925A7E5008507A7;
			remoteInfo = RickAndMortyApp;
		};
		067B5F712925A7E7008507A7 /* PBXContainerItemProxy */ = {
			isa = PBXContainerItemProxy;
			containerPortal = 067B5F482925A7E5008507A7 /* Project object */;
			proxyType = 1;
			remoteGlobalIDString = 067B5F4F2925A7E5008507A7;
			remoteInfo = RickAndMortyApp;
		};
/* End PBXContainerItemProxy section */

/* Begin PBXFileReference section */
		06314AAB2925A97000FC1F14 /* README.md */ = {isa = PBXFileReference; lastKnownFileType = net.daringfireball.markdown; path = README.md; sourceTree = SOURCE_ROOT; };
		06314AB12925AD0900FC1F14 /* CharacterListPresenter.swift */ = {isa = PBXFileReference; lastKnownFileType = sourcecode.swift; path = CharacterListPresenter.swift; sourceTree = "<group>"; };
		06314AB32925AD4600FC1F14 /* CharacterListCoordinator.swift */ = {isa = PBXFileReference; lastKnownFileType = sourcecode.swift; path = CharacterListCoordinator.swift; sourceTree = "<group>"; };
		06314AB52925B5DA00FC1F14 /* Character.swift */ = {isa = PBXFileReference; lastKnownFileType = sourcecode.swift; path = Character.swift; sourceTree = "<group>"; };
		06314AB92925C0F700FC1F14 /* CharacterListCell.swift */ = {isa = PBXFileReference; lastKnownFileType = sourcecode.swift; path = CharacterListCell.swift; sourceTree = "<group>"; };
		06314ABD2925C15400FC1F14 /* CharacterCellItem.swift */ = {isa = PBXFileReference; lastKnownFileType = sourcecode.swift; path = CharacterCellItem.swift; sourceTree = "<group>"; };
		06314AC32925C36600FC1F14 /* CharacterListCell.xib */ = {isa = PBXFileReference; lastKnownFileType = file.xib; path = CharacterListCell.xib; sourceTree = "<group>"; };
		06314AC62925D03E00FC1F14 /* APIClient.swift */ = {isa = PBXFileReference; lastKnownFileType = sourcecode.swift; path = APIClient.swift; sourceTree = "<group>"; };
		06314AC82925D04800FC1F14 /* ImageLoader.swift */ = {isa = PBXFileReference; lastKnownFileType = sourcecode.swift; path = ImageLoader.swift; sourceTree = "<group>"; };
		067B5F502925A7E5008507A7 /* RickAndMortyApp.app */ = {isa = PBXFileReference; explicitFileType = wrapper.application; includeInIndex = 0; path = RickAndMortyApp.app; sourceTree = BUILT_PRODUCTS_DIR; };
		067B5F532925A7E5008507A7 /* AppDelegate.swift */ = {isa = PBXFileReference; lastKnownFileType = sourcecode.swift; path = AppDelegate.swift; sourceTree = "<group>"; };
		067B5F552925A7E5008507A7 /* SceneDelegate.swift */ = {isa = PBXFileReference; lastKnownFileType = sourcecode.swift; path = SceneDelegate.swift; sourceTree = "<group>"; };
		067B5F572925A7E5008507A7 /* CharacterListViewController.swift */ = {isa = PBXFileReference; lastKnownFileType = sourcecode.swift; path = CharacterListViewController.swift; sourceTree = "<group>"; };
		067B5F5A2925A7E5008507A7 /* Base */ = {isa = PBXFileReference; lastKnownFileType = file.storyboard; name = Base; path = Base.lproj/Main.storyboard; sourceTree = "<group>"; };
		067B5F5C2925A7E6008507A7 /* Assets.xcassets */ = {isa = PBXFileReference; lastKnownFileType = folder.assetcatalog; path = Assets.xcassets; sourceTree = "<group>"; };
		067B5F5F2925A7E6008507A7 /* Base */ = {isa = PBXFileReference; lastKnownFileType = file.storyboard; name = Base; path = Base.lproj/LaunchScreen.storyboard; sourceTree = "<group>"; };
		067B5F612925A7E6008507A7 /* Info.plist */ = {isa = PBXFileReference; lastKnownFileType = text.plist.xml; path = Info.plist; sourceTree = "<group>"; };
		067B5F662925A7E7008507A7 /* RickAndMortyAppTests.xctest */ = {isa = PBXFileReference; explicitFileType = wrapper.cfbundle; includeInIndex = 0; path = RickAndMortyAppTests.xctest; sourceTree = BUILT_PRODUCTS_DIR; };
		067B5F6A2925A7E7008507A7 /* RickAndMortyAppTests.swift */ = {isa = PBXFileReference; lastKnownFileType = sourcecode.swift; path = RickAndMortyAppTests.swift; sourceTree = "<group>"; };
		067B5F702925A7E7008507A7 /* RickAndMortyAppUITests.xctest */ = {isa = PBXFileReference; explicitFileType = wrapper.cfbundle; includeInIndex = 0; path = RickAndMortyAppUITests.xctest; sourceTree = BUILT_PRODUCTS_DIR; };
		067B5F742925A7E7008507A7 /* RickAndMortyAppUITests.swift */ = {isa = PBXFileReference; lastKnownFileType = sourcecode.swift; path = RickAndMortyAppUITests.swift; sourceTree = "<group>"; };
		067B5F762925A7E7008507A7 /* RickAndMortyAppUITestsLaunchTests.swift */ = {isa = PBXFileReference; lastKnownFileType = sourcecode.swift; path = RickAndMortyAppUITestsLaunchTests.swift; sourceTree = "<group>"; };
/* End PBXFileReference section */

/* Begin PBXFrameworksBuildPhase section */
		067B5F4D2925A7E5008507A7 /* Frameworks */ = {
			isa = PBXFrameworksBuildPhase;
			buildActionMask = 2147483647;
			files = (
			);
			runOnlyForDeploymentPostprocessing = 0;
		};
		067B5F632925A7E7008507A7 /* Frameworks */ = {
			isa = PBXFrameworksBuildPhase;
			buildActionMask = 2147483647;
			files = (
			);
			runOnlyForDeploymentPostprocessing = 0;
		};
		067B5F6D2925A7E7008507A7 /* Frameworks */ = {
			isa = PBXFrameworksBuildPhase;
			buildActionMask = 2147483647;
			files = (
			);
			runOnlyForDeploymentPostprocessing = 0;
		};
/* End PBXFrameworksBuildPhase section */

/* Begin PBXGroup section */
		06314AAC2925ABDA00FC1F14 /* CharacterList */ = {
			isa = PBXGroup;
			children = (
				06314AAD2925AC2B00FC1F14 /* Model */,
				06314AAE2925AC4200FC1F14 /* View */,
				06314AAF2925AC6F00FC1F14 /* Presenter */,
				06314AB02925AC7900FC1F14 /* Coordinator */,
			);
			path = CharacterList;
			sourceTree = "<group>";
		};
		06314AAD2925AC2B00FC1F14 /* Model */ = {
			isa = PBXGroup;
			children = (
				06314AB52925B5DA00FC1F14 /* Character.swift */,
				06314ABD2925C15400FC1F14 /* CharacterCellItem.swift */,
				06314AC52925CD5600FC1F14 /* Service */,
			);
			path = Model;
			sourceTree = "<group>";
		};
		06314AAE2925AC4200FC1F14 /* View */ = {
			isa = PBXGroup;
			children = (
				067B5F572925A7E5008507A7 /* CharacterListViewController.swift */,
				06314AB92925C0F700FC1F14 /* CharacterListCell.swift */,
				06314AC32925C36600FC1F14 /* CharacterListCell.xib */,
			);
			path = View;
			sourceTree = "<group>";
		};
		06314AAF2925AC6F00FC1F14 /* Presenter */ = {
			isa = PBXGroup;
			children = (
				06314AB12925AD0900FC1F14 /* CharacterListPresenter.swift */,
			);
			path = Presenter;
			sourceTree = "<group>";
		};
		06314AB02925AC7900FC1F14 /* Coordinator */ = {
			isa = PBXGroup;
			children = (
				06314AB32925AD4600FC1F14 /* CharacterListCoordinator.swift */,
			);
			path = Coordinator;
			sourceTree = "<group>";
		};
		06314AC52925CD5600FC1F14 /* Service */ = {
			isa = PBXGroup;
			children = (
				06314AC62925D03E00FC1F14 /* APIClient.swift */,
				06314AC82925D04800FC1F14 /* ImageLoader.swift */,
			);
			path = Service;
			sourceTree = "<group>";
		};
		067B5F472925A7E5008507A7 = {
			isa = PBXGroup;
			children = (
				06314AAB2925A97000FC1F14 /* README.md */,
				067B5F522925A7E5008507A7 /* RickAndMortyApp */,
				067B5F692925A7E7008507A7 /* RickAndMortyAppTests */,
				067B5F732925A7E7008507A7 /* RickAndMortyAppUITests */,
				067B5F512925A7E5008507A7 /* Products */,
			);
			sourceTree = "<group>";
		};
		067B5F512925A7E5008507A7 /* Products */ = {
			isa = PBXGroup;
			children = (
				067B5F502925A7E5008507A7 /* RickAndMortyApp.app */,
				067B5F662925A7E7008507A7 /* RickAndMortyAppTests.xctest */,
				067B5F702925A7E7008507A7 /* RickAndMortyAppUITests.xctest */,
			);
			name = Products;
			sourceTree = "<group>";
		};
		067B5F522925A7E5008507A7 /* RickAndMortyApp */ = {
			isa = PBXGroup;
			children = (
				06314AAC2925ABDA00FC1F14 /* CharacterList */,
				067B5F532925A7E5008507A7 /* AppDelegate.swift */,
				067B5F552925A7E5008507A7 /* SceneDelegate.swift */,
				067B5F592925A7E5008507A7 /* Main.storyboard */,
				067B5F5C2925A7E6008507A7 /* Assets.xcassets */,
				067B5F5E2925A7E6008507A7 /* LaunchScreen.storyboard */,
				067B5F612925A7E6008507A7 /* Info.plist */,
			);
			path = RickAndMortyApp;
			sourceTree = "<group>";
		};
		067B5F692925A7E7008507A7 /* RickAndMortyAppTests */ = {
			isa = PBXGroup;
			children = (
				067B5F6A2925A7E7008507A7 /* RickAndMortyAppTests.swift */,
			);
			path = RickAndMortyAppTests;
			sourceTree = "<group>";
		};
		067B5F732925A7E7008507A7 /* RickAndMortyAppUITests */ = {
			isa = PBXGroup;
			children = (
				067B5F742925A7E7008507A7 /* RickAndMortyAppUITests.swift */,
				067B5F762925A7E7008507A7 /* RickAndMortyAppUITestsLaunchTests.swift */,
			);
			path = RickAndMortyAppUITests;
			sourceTree = "<group>";
		};
/* End PBXGroup section */

/* Begin PBXNativeTarget section */
		067B5F4F2925A7E5008507A7 /* RickAndMortyApp */ = {
			isa = PBXNativeTarget;
			buildConfigurationList = 067B5F7A2925A7E7008507A7 /* Build configuration list for PBXNativeTarget "RickAndMortyApp" */;
			buildPhases = (
				067B5F4C2925A7E5008507A7 /* Sources */,
				067B5F4D2925A7E5008507A7 /* Frameworks */,
				067B5F4E2925A7E5008507A7 /* Resources */,
			);
			buildRules = (
			);
			dependencies = (
			);
			name = RickAndMortyApp;
			productName = RickAndMortyApp;
			productReference = 067B5F502925A7E5008507A7 /* RickAndMortyApp.app */;
			productType = "com.apple.product-type.application";
		};
		067B5F652925A7E7008507A7 /* RickAndMortyAppTests */ = {
			isa = PBXNativeTarget;
			buildConfigurationList = 067B5F7D2925A7E7008507A7 /* Build configuration list for PBXNativeTarget "RickAndMortyAppTests" */;
			buildPhases = (
				067B5F622925A7E7008507A7 /* Sources */,
				067B5F632925A7E7008507A7 /* Frameworks */,
				067B5F642925A7E7008507A7 /* Resources */,
			);
			buildRules = (
			);
			dependencies = (
				067B5F682925A7E7008507A7 /* PBXTargetDependency */,
			);
			name = RickAndMortyAppTests;
			productName = RickAndMortyAppTests;
			productReference = 067B5F662925A7E7008507A7 /* RickAndMortyAppTests.xctest */;
			productType = "com.apple.product-type.bundle.unit-test";
		};
		067B5F6F2925A7E7008507A7 /* RickAndMortyAppUITests */ = {
			isa = PBXNativeTarget;
			buildConfigurationList = 067B5F802925A7E7008507A7 /* Build configuration list for PBXNativeTarget "RickAndMortyAppUITests" */;
			buildPhases = (
				067B5F6C2925A7E7008507A7 /* Sources */,
				067B5F6D2925A7E7008507A7 /* Frameworks */,
				067B5F6E2925A7E7008507A7 /* Resources */,
			);
			buildRules = (
			);
			dependencies = (
				067B5F722925A7E7008507A7 /* PBXTargetDependency */,
			);
			name = RickAndMortyAppUITests;
			productName = RickAndMortyAppUITests;
			productReference = 067B5F702925A7E7008507A7 /* RickAndMortyAppUITests.xctest */;
			productType = "com.apple.product-type.bundle.ui-testing";
		};
/* End PBXNativeTarget section */

/* Begin PBXProject section */
		067B5F482925A7E5008507A7 /* Project object */ = {
			isa = PBXProject;
			attributes = {
				BuildIndependentTargetsInParallel = 1;
				LastSwiftUpdateCheck = 1400;
				LastUpgradeCheck = 1400;
				TargetAttributes = {
					067B5F4F2925A7E5008507A7 = {
						CreatedOnToolsVersion = 14.0.1;
					};
					067B5F652925A7E7008507A7 = {
						CreatedOnToolsVersion = 14.0.1;
						TestTargetID = 067B5F4F2925A7E5008507A7;
					};
					067B5F6F2925A7E7008507A7 = {
						CreatedOnToolsVersion = 14.0.1;
						TestTargetID = 067B5F4F2925A7E5008507A7;
					};
				};
			};
			buildConfigurationList = 067B5F4B2925A7E5008507A7 /* Build configuration list for PBXProject "RickAndMortyApp" */;
			compatibilityVersion = "Xcode 14.0";
			developmentRegion = en;
			hasScannedForEncodings = 0;
			knownRegions = (
				en,
				Base,
			);
			mainGroup = 067B5F472925A7E5008507A7;
			productRefGroup = 067B5F512925A7E5008507A7 /* Products */;
			projectDirPath = "";
			projectRoot = "";
			targets = (
				067B5F4F2925A7E5008507A7 /* RickAndMortyApp */,
				067B5F652925A7E7008507A7 /* RickAndMortyAppTests */,
				067B5F6F2925A7E7008507A7 /* RickAndMortyAppUITests */,
			);
		};
/* End PBXProject section */

/* Begin PBXResourcesBuildPhase section */
		067B5F4E2925A7E5008507A7 /* Resources */ = {
			isa = PBXResourcesBuildPhase;
			buildActionMask = 2147483647;
			files = (
				067B5F602925A7E6008507A7 /* LaunchScreen.storyboard in Resources */,
				067B5F5D2925A7E6008507A7 /* Assets.xcassets in Resources */,
				067B5F5B2925A7E5008507A7 /* Main.storyboard in Resources */,
				06314AC42925C36600FC1F14 /* CharacterListCell.xib in Resources */,
			);
			runOnlyForDeploymentPostprocessing = 0;
		};
		067B5F642925A7E7008507A7 /* Resources */ = {
			isa = PBXResourcesBuildPhase;
			buildActionMask = 2147483647;
			files = (
			);
			runOnlyForDeploymentPostprocessing = 0;
		};
		067B5F6E2925A7E7008507A7 /* Resources */ = {
			isa = PBXResourcesBuildPhase;
			buildActionMask = 2147483647;
			files = (
			);
			runOnlyForDeploymentPostprocessing = 0;
		};
/* End PBXResourcesBuildPhase section */

/* Begin PBXSourcesBuildPhase section */
		067B5F4C2925A7E5008507A7 /* Sources */ = {
			isa = PBXSourcesBuildPhase;
			buildActionMask = 2147483647;
			files = (
				06314AB22925AD0900FC1F14 /* CharacterListPresenter.swift in Sources */,
				067B5F582925A7E5008507A7 /* CharacterListViewController.swift in Sources */,
				06314AC92925D04800FC1F14 /* ImageLoader.swift in Sources */,
				06314ABA2925C0F700FC1F14 /* CharacterListCell.swift in Sources */,
				067B5F542925A7E5008507A7 /* AppDelegate.swift in Sources */,
				06314AB62925B5DA00FC1F14 /* Character.swift in Sources */,
				06314AB42925AD4600FC1F14 /* CharacterListCoordinator.swift in Sources */,
				06314ABE2925C15400FC1F14 /* CharacterCellItem.swift in Sources */,
				067B5F562925A7E5008507A7 /* SceneDelegate.swift in Sources */,
				06314AC72925D03E00FC1F14 /* APIClient.swift in Sources */,
			);
			runOnlyForDeploymentPostprocessing = 0;
		};
		067B5F622925A7E7008507A7 /* Sources */ = {
			isa = PBXSourcesBuildPhase;
			buildActionMask = 2147483647;
			files = (
				067B5F6B2925A7E7008507A7 /* RickAndMortyAppTests.swift in Sources */,
			);
			runOnlyForDeploymentPostprocessing = 0;
		};
		067B5F6C2925A7E7008507A7 /* Sources */ = {
			isa = PBXSourcesBuildPhase;
			buildActionMask = 2147483647;
			files = (
				067B5F752925A7E7008507A7 /* RickAndMortyAppUITests.swift in Sources */,
				067B5F772925A7E7008507A7 /* RickAndMortyAppUITestsLaunchTests.swift in Sources */,
			);
			runOnlyForDeploymentPostprocessing = 0;
		};
/* End PBXSourcesBuildPhase section */

/* Begin PBXTargetDependency section */
		067B5F682925A7E7008507A7 /* PBXTargetDependency */ = {
			isa = PBXTargetDependency;
			target = 067B5F4F2925A7E5008507A7 /* RickAndMortyApp */;
			targetProxy = 067B5F672925A7E7008507A7 /* PBXContainerItemProxy */;
		};
		067B5F722925A7E7008507A7 /* PBXTargetDependency */ = {
			isa = PBXTargetDependency;
			target = 067B5F4F2925A7E5008507A7 /* RickAndMortyApp */;
			targetProxy = 067B5F712925A7E7008507A7 /* PBXContainerItemProxy */;
		};
/* End PBXTargetDependency section */

/* Begin PBXVariantGroup section */
		067B5F592925A7E5008507A7 /* Main.storyboard */ = {
			isa = PBXVariantGroup;
			children = (
				067B5F5A2925A7E5008507A7 /* Base */,
			);
			name = Main.storyboard;
			sourceTree = "<group>";
		};
		067B5F5E2925A7E6008507A7 /* LaunchScreen.storyboard */ = {
			isa = PBXVariantGroup;
			children = (
				067B5F5F2925A7E6008507A7 /* Base */,
			);
			name = LaunchScreen.storyboard;
			sourceTree = "<group>";
		};
/* End PBXVariantGroup section */

/* Begin XCBuildConfiguration section */
		067B5F782925A7E7008507A7 /* Debug */ = {
			isa = XCBuildConfiguration;
			buildSettings = {
				ALWAYS_SEARCH_USER_PATHS = NO;
				CLANG_ANALYZER_NONNULL = YES;
				CLANG_ANALYZER_NUMBER_OBJECT_CONVERSION = YES_AGGRESSIVE;
				CLANG_CXX_LANGUAGE_STANDARD = "gnu++20";
				CLANG_ENABLE_MODULES = YES;
				CLANG_ENABLE_OBJC_ARC = YES;
				CLANG_ENABLE_OBJC_WEAK = YES;
				CLANG_WARN_BLOCK_CAPTURE_AUTORELEASING = YES;
				CLANG_WARN_BOOL_CONVERSION = YES;
				CLANG_WARN_COMMA = YES;
				CLANG_WARN_CONSTANT_CONVERSION = YES;
				CLANG_WARN_DEPRECATED_OBJC_IMPLEMENTATIONS = YES;
				CLANG_WARN_DIRECT_OBJC_ISA_USAGE = YES_ERROR;
				CLANG_WARN_DOCUMENTATION_COMMENTS = YES;
				CLANG_WARN_EMPTY_BODY = YES;
				CLANG_WARN_ENUM_CONVERSION = YES;
				CLANG_WARN_INFINITE_RECURSION = YES;
				CLANG_WARN_INT_CONVERSION = YES;
				CLANG_WARN_NON_LITERAL_NULL_CONVERSION = YES;
				CLANG_WARN_OBJC_IMPLICIT_RETAIN_SELF = YES;
				CLANG_WARN_OBJC_LITERAL_CONVERSION = YES;
				CLANG_WARN_OBJC_ROOT_CLASS = YES_ERROR;
				CLANG_WARN_QUOTED_INCLUDE_IN_FRAMEWORK_HEADER = YES;
				CLANG_WARN_RANGE_LOOP_ANALYSIS = YES;
				CLANG_WARN_STRICT_PROTOTYPES = YES;
				CLANG_WARN_SUSPICIOUS_MOVE = YES;
				CLANG_WARN_UNGUARDED_AVAILABILITY = YES_AGGRESSIVE;
				CLANG_WARN_UNREACHABLE_CODE = YES;
				CLANG_WARN__DUPLICATE_METHOD_MATCH = YES;
				COPY_PHASE_STRIP = NO;
				DEBUG_INFORMATION_FORMAT = dwarf;
				ENABLE_STRICT_OBJC_MSGSEND = YES;
				ENABLE_TESTABILITY = YES;
				GCC_C_LANGUAGE_STANDARD = gnu11;
				GCC_DYNAMIC_NO_PIC = NO;
				GCC_NO_COMMON_BLOCKS = YES;
				GCC_OPTIMIZATION_LEVEL = 0;
				GCC_PREPROCESSOR_DEFINITIONS = (
					"DEBUG=1",
					"$(inherited)",
				);
				GCC_WARN_64_TO_32_BIT_CONVERSION = YES;
				GCC_WARN_ABOUT_RETURN_TYPE = YES_ERROR;
				GCC_WARN_UNDECLARED_SELECTOR = YES;
				GCC_WARN_UNINITIALIZED_AUTOS = YES_AGGRESSIVE;
				GCC_WARN_UNUSED_FUNCTION = YES;
				GCC_WARN_UNUSED_VARIABLE = YES;
				IPHONEOS_DEPLOYMENT_TARGET = 16.0;
				MTL_ENABLE_DEBUG_INFO = INCLUDE_SOURCE;
				MTL_FAST_MATH = YES;
				ONLY_ACTIVE_ARCH = YES;
				SDKROOT = iphoneos;
				SWIFT_ACTIVE_COMPILATION_CONDITIONS = DEBUG;
				SWIFT_OPTIMIZATION_LEVEL = "-Onone";
			};
			name = Debug;
		};
		067B5F792925A7E7008507A7 /* Release */ = {
			isa = XCBuildConfiguration;
			buildSettings = {
				ALWAYS_SEARCH_USER_PATHS = NO;
				CLANG_ANALYZER_NONNULL = YES;
				CLANG_ANALYZER_NUMBER_OBJECT_CONVERSION = YES_AGGRESSIVE;
				CLANG_CXX_LANGUAGE_STANDARD = "gnu++20";
				CLANG_ENABLE_MODULES = YES;
				CLANG_ENABLE_OBJC_ARC = YES;
				CLANG_ENABLE_OBJC_WEAK = YES;
				CLANG_WARN_BLOCK_CAPTURE_AUTORELEASING = YES;
				CLANG_WARN_BOOL_CONVERSION = YES;
				CLANG_WARN_COMMA = YES;
				CLANG_WARN_CONSTANT_CONVERSION = YES;
				CLANG_WARN_DEPRECATED_OBJC_IMPLEMENTATIONS = YES;
				CLANG_WARN_DIRECT_OBJC_ISA_USAGE = YES_ERROR;
				CLANG_WARN_DOCUMENTATION_COMMENTS = YES;
				CLANG_WARN_EMPTY_BODY = YES;
				CLANG_WARN_ENUM_CONVERSION = YES;
				CLANG_WARN_INFINITE_RECURSION = YES;
				CLANG_WARN_INT_CONVERSION = YES;
				CLANG_WARN_NON_LITERAL_NULL_CONVERSION = YES;
				CLANG_WARN_OBJC_IMPLICIT_RETAIN_SELF = YES;
				CLANG_WARN_OBJC_LITERAL_CONVERSION = YES;
				CLANG_WARN_OBJC_ROOT_CLASS = YES_ERROR;
				CLANG_WARN_QUOTED_INCLUDE_IN_FRAMEWORK_HEADER = YES;
				CLANG_WARN_RANGE_LOOP_ANALYSIS = YES;
				CLANG_WARN_STRICT_PROTOTYPES = YES;
				CLANG_WARN_SUSPICIOUS_MOVE = YES;
				CLANG_WARN_UNGUARDED_AVAILABILITY = YES_AGGRESSIVE;
				CLANG_WARN_UNREACHABLE_CODE = YES;
				CLANG_WARN__DUPLICATE_METHOD_MATCH = YES;
				COPY_PHASE_STRIP = NO;
				DEBUG_INFORMATION_FORMAT = "dwarf-with-dsym";
				ENABLE_NS_ASSERTIONS = NO;
				ENABLE_STRICT_OBJC_MSGSEND = YES;
				GCC_C_LANGUAGE_STANDARD = gnu11;
				GCC_NO_COMMON_BLOCKS = YES;
				GCC_WARN_64_TO_32_BIT_CONVERSION = YES;
				GCC_WARN_ABOUT_RETURN_TYPE = YES_ERROR;
				GCC_WARN_UNDECLARED_SELECTOR = YES;
				GCC_WARN_UNINITIALIZED_AUTOS = YES_AGGRESSIVE;
				GCC_WARN_UNUSED_FUNCTION = YES;
				GCC_WARN_UNUSED_VARIABLE = YES;
				IPHONEOS_DEPLOYMENT_TARGET = 16.0;
				MTL_ENABLE_DEBUG_INFO = NO;
				MTL_FAST_MATH = YES;
				SDKROOT = iphoneos;
				SWIFT_COMPILATION_MODE = wholemodule;
				SWIFT_OPTIMIZATION_LEVEL = "-O";
				VALIDATE_PRODUCT = YES;
			};
			name = Release;
		};
		067B5F7B2925A7E7008507A7 /* Debug */ = {
			isa = XCBuildConfiguration;
			buildSettings = {
				ASSETCATALOG_COMPILER_APPICON_NAME = AppIcon;
				ASSETCATALOG_COMPILER_GLOBAL_ACCENT_COLOR_NAME = AccentColor;
				CODE_SIGN_STYLE = Automatic;
				CURRENT_PROJECT_VERSION = 1;
				GENERATE_INFOPLIST_FILE = YES;
				INFOPLIST_FILE = RickAndMortyApp/Info.plist;
				INFOPLIST_KEY_UIApplicationSupportsIndirectInputEvents = YES;
				INFOPLIST_KEY_UILaunchStoryboardName = LaunchScreen;
				INFOPLIST_KEY_UIMainStoryboardFile = Main;
				INFOPLIST_KEY_UISupportedInterfaceOrientations_iPad = "UIInterfaceOrientationPortrait UIInterfaceOrientationPortraitUpsideDown UIInterfaceOrientationLandscapeLeft UIInterfaceOrientationLandscapeRight";
				INFOPLIST_KEY_UISupportedInterfaceOrientations_iPhone = "UIInterfaceOrientationPortrait UIInterfaceOrientationLandscapeLeft UIInterfaceOrientationLandscapeRight";
				LD_RUNPATH_SEARCH_PATHS = (
					"$(inherited)",
					"@executable_path/Frameworks",
				);
				MARKETING_VERSION = 1.0;
				PRODUCT_BUNDLE_IDENTIFIER = com.RickAndMortyApp;
				PRODUCT_NAME = "$(TARGET_NAME)";
				SWIFT_EMIT_LOC_STRINGS = YES;
				SWIFT_VERSION = 5.0;
				TARGETED_DEVICE_FAMILY = "1,2";
			};
			name = Debug;
		};
		067B5F7C2925A7E7008507A7 /* Release */ = {
			isa = XCBuildConfiguration;
			buildSettings = {
				ASSETCATALOG_COMPILER_APPICON_NAME = AppIcon;
				ASSETCATALOG_COMPILER_GLOBAL_ACCENT_COLOR_NAME = AccentColor;
				CODE_SIGN_STYLE = Automatic;
				CURRENT_PROJECT_VERSION = 1;
				GENERATE_INFOPLIST_FILE = YES;
				INFOPLIST_FILE = RickAndMortyApp/Info.plist;
				INFOPLIST_KEY_UIApplicationSupportsIndirectInputEvents = YES;
				INFOPLIST_KEY_UILaunchStoryboardName = LaunchScreen;
				INFOPLIST_KEY_UIMainStoryboardFile = Main;
				INFOPLIST_KEY_UISupportedInterfaceOrientations_iPad = "UIInterfaceOrientationPortrait UIInterfaceOrientationPortraitUpsideDown UIInterfaceOrientationLandscapeLeft UIInterfaceOrientationLandscapeRight";
				INFOPLIST_KEY_UISupportedInterfaceOrientations_iPhone = "UIInterfaceOrientationPortrait UIInterfaceOrientationLandscapeLeft UIInterfaceOrientationLandscapeRight";
				LD_RUNPATH_SEARCH_PATHS = (
					"$(inherited)",
					"@executable_path/Frameworks",
				);
				MARKETING_VERSION = 1.0;
				PRODUCT_BUNDLE_IDENTIFIER = com.RickAndMortyApp;
				PRODUCT_NAME = "$(TARGET_NAME)";
				SWIFT_EMIT_LOC_STRINGS = YES;
				SWIFT_VERSION = 5.0;
				TARGETED_DEVICE_FAMILY = "1,2";
			};
			name = Release;
		};
		067B5F7E2925A7E7008507A7 /* Debug */ = {
			isa = XCBuildConfiguration;
			buildSettings = {
				ALWAYS_EMBED_SWIFT_STANDARD_LIBRARIES = YES;
				BUNDLE_LOADER = "$(TEST_HOST)";
				CODE_SIGN_STYLE = Automatic;
				CURRENT_PROJECT_VERSION = 1;
				GENERATE_INFOPLIST_FILE = YES;
				IPHONEOS_DEPLOYMENT_TARGET = 16.0;
				MARKETING_VERSION = 1.0;
				PRODUCT_BUNDLE_IDENTIFIER = com.RickAndMortyAppTests;
				PRODUCT_NAME = "$(TARGET_NAME)";
				SWIFT_EMIT_LOC_STRINGS = NO;
				SWIFT_VERSION = 5.0;
				TARGETED_DEVICE_FAMILY = "1,2";
				TEST_HOST = "$(BUILT_PRODUCTS_DIR)/RickAndMortyApp.app/$(BUNDLE_EXECUTABLE_FOLDER_PATH)/RickAndMortyApp";
			};
			name = Debug;
		};
		067B5F7F2925A7E7008507A7 /* Release */ = {
			isa = XCBuildConfiguration;
			buildSettings = {
				ALWAYS_EMBED_SWIFT_STANDARD_LIBRARIES = YES;
				BUNDLE_LOADER = "$(TEST_HOST)";
				CODE_SIGN_STYLE = Automatic;
				CURRENT_PROJECT_VERSION = 1;
				GENERATE_INFOPLIST_FILE = YES;
				IPHONEOS_DEPLOYMENT_TARGET = 16.0;
				MARKETING_VERSION = 1.0;
				PRODUCT_BUNDLE_IDENTIFIER = com.RickAndMortyAppTests;
				PRODUCT_NAME = "$(TARGET_NAME)";
				SWIFT_EMIT_LOC_STRINGS = NO;
				SWIFT_VERSION = 5.0;
				TARGETED_DEVICE_FAMILY = "1,2";
				TEST_HOST = "$(BUILT_PRODUCTS_DIR)/RickAndMortyApp.app/$(BUNDLE_EXECUTABLE_FOLDER_PATH)/RickAndMortyApp";
			};
			name = Release;
		};
		067B5F812925A7E7008507A7 /* Debug */ = {
			isa = XCBuildConfiguration;
			buildSettings = {
				ALWAYS_EMBED_SWIFT_STANDARD_LIBRARIES = YES;
				CODE_SIGN_STYLE = Automatic;
				CURRENT_PROJECT_VERSION = 1;
				GENERATE_INFOPLIST_FILE = YES;
				MARKETING_VERSION = 1.0;
				PRODUCT_BUNDLE_IDENTIFIER = com.RickAndMortyAppUITests;
				PRODUCT_NAME = "$(TARGET_NAME)";
				SWIFT_EMIT_LOC_STRINGS = NO;
				SWIFT_VERSION = 5.0;
				TARGETED_DEVICE_FAMILY = "1,2";
				TEST_TARGET_NAME = RickAndMortyApp;
			};
			name = Debug;
		};
		067B5F822925A7E7008507A7 /* Release */ = {
			isa = XCBuildConfiguration;
			buildSettings = {
				ALWAYS_EMBED_SWIFT_STANDARD_LIBRARIES = YES;
				CODE_SIGN_STYLE = Automatic;
				CURRENT_PROJECT_VERSION = 1;
				GENERATE_INFOPLIST_FILE = YES;
				MARKETING_VERSION = 1.0;
				PRODUCT_BUNDLE_IDENTIFIER = com.RickAndMortyAppUITests;
				PRODUCT_NAME = "$(TARGET_NAME)";
				SWIFT_EMIT_LOC_STRINGS = NO;
				SWIFT_VERSION = 5.0;
				TARGETED_DEVICE_FAMILY = "1,2";
				TEST_TARGET_NAME = RickAndMortyApp;
			};
			name = Release;
		};
/* End XCBuildConfiguration section */

/* Begin XCConfigurationList section */
		067B5F4B2925A7E5008507A7 /* Build configuration list for PBXProject "RickAndMortyApp" */ = {
			isa = XCConfigurationList;
			buildConfigurations = (
				067B5F782925A7E7008507A7 /* Debug */,
				067B5F792925A7E7008507A7 /* Release */,
			);
			defaultConfigurationIsVisible = 0;
			defaultConfigurationName = Release;
		};
		067B5F7A2925A7E7008507A7 /* Build configuration list for PBXNativeTarget "RickAndMortyApp" */ = {
			isa = XCConfigurationList;
			buildConfigurations = (
				067B5F7B2925A7E7008507A7 /* Debug */,
				067B5F7C2925A7E7008507A7 /* Release */,
			);
			defaultConfigurationIsVisible = 0;
			defaultConfigurationName = Release;
		};
		067B5F7D2925A7E7008507A7 /* Build configuration list for PBXNativeTarget "RickAndMortyAppTests" */ = {
			isa = XCConfigurationList;
			buildConfigurations = (
				067B5F7E2925A7E7008507A7 /* Debug */,
				067B5F7F2925A7E7008507A7 /* Release */,
			);
			defaultConfigurationIsVisible = 0;
			defaultConfigurationName = Release;
		};
		067B5F802925A7E7008507A7 /* Build configuration list for PBXNativeTarget "RickAndMortyAppUITests" */ = {
			isa = XCConfigurationList;
			buildConfigurations = (
				067B5F812925A7E7008507A7 /* Debug */,
				067B5F822925A7E7008507A7 /* Release */,
			);
			defaultConfigurationIsVisible = 0;
			defaultConfigurationName = Release;
		};
/* End XCConfigurationList section */
	};
	rootObject = 067B5F482925A7E5008507A7 /* Project object */;
}
